
Microsoft Visual Studio Solution File, Format Version 12.00
# Visual Studio 15
VisualStudioVersion = 15.0.27130.2020
MinimumVisualStudioVersion = 10.0.40219.1
Project("{FAE04EC0-301F-11D3-BF4B-00C04F79EFBC}") = "RentalSystem", "RentalSystem\RentalSystem.csproj", "{23695788-565D-4685-A491-BA1638DB63F9}"
EndProject
Project("{FAE04EC0-301F-11D3-BF4B-00C04F79EFBC}") = "RentalSystemTests", "RentalSystemTests\RentalSystemTests.csproj", "{4E608E74-E9A4-4F11-9538-FB5E62F216AE}"
EndProject
Global
	GlobalSection(SolutionConfigurationPlatforms) = preSolution
		Debug|Any CPU = Debug|Any CPU
		Release|Any CPU = Release|Any CPU
	EndGlobalSection
	GlobalSection(ProjectConfigurationPlatforms) = postSolution
		{23695788-565D-4685-A491-BA1638DB63F9}.Debug|Any CPU.ActiveCfg = Debug|Any CPU
		{23695788-565D-4685-A491-BA1638DB63F9}.Debug|Any CPU.Build.0 = Debug|Any CPU
		{23695788-565D-4685-A491-BA1638DB63F9}.Release|Any CPU.ActiveCfg = Release|Any CPU
		{23695788-565D-4685-A491-BA1638DB63F9}.Release|Any CPU.Build.0 = Release|Any CPU
		{4E608E74-E9A4-4F11-9538-FB5E62F216AE}.Debug|Any CPU.ActiveCfg = Debug|Any CPU
		{4E608E74-E9A4-4F11-9538-FB5E62F216AE}.Debug|Any CPU.Build.0 = Debug|Any CPU
		{4E608E74-E9A4-4F11-9538-FB5E62F216AE}.Release|Any CPU.ActiveCfg = Release|Any CPU
		{4E608E74-E9A4-4F11-9538-FB5E62F216AE}.Release|Any CPU.Build.0 = Release|Any CPU
	EndGlobalSection
	GlobalSection(SolutionProperties) = preSolution
		HideSolutionNode = FALSE
	EndGlobalSection
	GlobalSection(ExtensibilityGlobals) = postSolution
		SolutionGuid = {D4EE6329-A5AD-474B-B125-F0D5B7BAECB7}
	EndGlobalSection
EndGlobal
